// !$*UTF8*$!
{
	archiveVersion = 1;
	classes = {
	};
	objectVersion = 46;
	objects = {
/* Begin PBXBuildFile section */
		0207DA581B56EA530066E2B4 /* Images.xcassets in Resources */ = {isa = PBXBuildFile; fileRef = 0207DA571B56EA530066E2B4 /* Images.xcassets */; };
		1D3623260D0F684500981E51 /* AppDelegate.m in Sources */ = {isa = PBXBuildFile; fileRef = 1D3623250D0F684500981E51 /* AppDelegate.m */; };
		1D60589B0D05DD56006BFB54 /* main.m in Sources */ = {isa = PBXBuildFile; fileRef = 29B97316FDCFA39411CA2CEA /* main.m */; };
		301BF552109A68D80062928A /* libCordova.a in Frameworks */ = {isa = PBXBuildFile; fileRef = 301BF535109A57CC0062928A /* libCordova.a */; };
		302D95F114D2391D003F00A1 /* MainViewController.m in Sources */ = {isa = PBXBuildFile; fileRef = 302D95EF14D2391D003F00A1 /* MainViewController.m */; };
		302D95F214D2391D003F00A1 /* MainViewController.xib in Resources */ = {isa = PBXBuildFile; fileRef = 302D95F014D2391D003F00A1 /* MainViewController.xib */; };
		3047A5121AB8059700498E2A /* build-debug.xcconfig in Resources */ = {isa = PBXBuildFile; fileRef = 3047A50F1AB8059700498E2A /* build-debug.xcconfig */; };
		3047A5131AB8059700498E2A /* build-release.xcconfig in Resources */ = {isa = PBXBuildFile; fileRef = 3047A5101AB8059700498E2A /* build-release.xcconfig */; };
		3047A5141AB8059700498E2A /* build.xcconfig in Resources */ = {isa = PBXBuildFile; fileRef = 3047A5111AB8059700498E2A /* build.xcconfig */; };
		6AFF5BF91D6E424B00AB3073 /* CDVLaunchScreen.storyboard in Resources */ = {isa = PBXBuildFile; fileRef = 6AFF5BF81D6E424B00AB3073 /* CDVLaunchScreen.storyboard */; };
		656F6808F74042779E5C384C /* AppDelegate+notification.m in Sources */ = {isa = PBXBuildFile; fileRef = C7353367FA9C4427A124F3F0 /* AppDelegate+notification.m */; };
		8CAD4267A27F45FDA4A9AD22 /* PushPlugin.m in Sources */ = {isa = PBXBuildFile; fileRef = 0B6414767290441ABDC311B0 /* PushPlugin.m */; };
		440D2DCD56B143E18FF53011 /* libGGLCloudMessaging.a in Frameworks */ = {isa = PBXBuildFile; fileRef = 3A6F59B9FB3547C59C356684 /* libGGLCloudMessaging.a */; };
		48BA9B3DACC0441EA25B7635 /* libGGLCore.a in Frameworks */ = {isa = PBXBuildFile; fileRef = 68C8833A34FD40B99BA9D2BC /* libGGLCore.a */; };
		ACE886BF2F8E4A228E7828B4 /* libGGLInstanceIDLib.a in Frameworks */ = {isa = PBXBuildFile; fileRef = CF67305EF7BE47DD97E47323 /* libGGLInstanceIDLib.a */; };
		81EBEA2C417B4A7286ED0C92 /* libGIP_Reachability.a in Frameworks */ = {isa = PBXBuildFile; fileRef = CE6B4B40F7CF4578842C9B78 /* libGIP_Reachability.a */; };
		54EAD964502C4424BAFF7EC1 /* libGSDK_Overload.a in Frameworks */ = {isa = PBXBuildFile; fileRef = 2ED9CB296CA54AA2B7F29B78 /* libGSDK_Overload.a */; };
		50C3B54ACAF74081951E9DE5 /* libGTMSessionFetcher_core.a in Frameworks */ = {isa = PBXBuildFile; fileRef = 62533F69A65B4F4CA650943B /* libGTMSessionFetcher_core.a */; };
		AB8AC2EE74FE4AC2937C5E01 /* libGTMSessionFetcher_full.a in Frameworks */ = {isa = PBXBuildFile; fileRef = 2F5CE9E9094642FEB8A6D36A /* libGTMSessionFetcher_full.a */; };
		005B67E92AED45C9A1705821 /* libGTMStackTrace.a in Frameworks */ = {isa = PBXBuildFile; fileRef = A3A206D4DE9941CB859962B6 /* libGTMStackTrace.a */; };
		86D9DAB90F1D4381A802E5C4 /* libGTM_AddressBook.a in Frameworks */ = {isa = PBXBuildFile; fileRef = DBF4A575BE4E4D1EB871F023 /* libGTM_AddressBook.a */; };
		F7EB48174C4C4615865C19CE /* libGTM_DebugUtils.a in Frameworks */ = {isa = PBXBuildFile; fileRef = BDE972D51BCF498FA414F475 /* libGTM_DebugUtils.a */; };
		57DF9A39EA5946E5BAB8F8D6 /* libGTM_GTMURLBuilder.a in Frameworks */ = {isa = PBXBuildFile; fileRef = 36610EC1EB584B4597D292AD /* libGTM_GTMURLBuilder.a */; };
		981FA86234984742B2C0BCE0 /* libGTM_KVO.a in Frameworks */ = {isa = PBXBuildFile; fileRef = 24F62B8D8F7C4786A0A2AEA4 /* libGTM_KVO.a */; };
		341C42041C374302819FC7F8 /* libGTM_NSData+zlib.a in Frameworks */ = {isa = PBXBuildFile; fileRef = AAE3F3EF5D884C3D99323CA9 /* libGTM_NSData+zlib.a */; };
		A80D67D4B817498EB1FA7005 /* libGTM_NSDictionary+URLArguments.a in Frameworks */ = {isa = PBXBuildFile; fileRef = 908109FB68FB466A84740338 /* libGTM_NSDictionary+URLArguments.a */; };
		061D53560F0A4D70918BBBB4 /* libGTM_NSScannerJSON.a in Frameworks */ = {isa = PBXBuildFile; fileRef = 299F9BCBA448459293B78687 /* libGTM_NSScannerJSON.a */; };
		75541910681B4ED5B024AA69 /* libGTM_NSStringHTML.a in Frameworks */ = {isa = PBXBuildFile; fileRef = 2C8A6CB84410480B8908BB1F /* libGTM_NSStringHTML.a */; };
		29F35BC580EE4EACBD14FC6B /* libGTM_NSStringXML.a in Frameworks */ = {isa = PBXBuildFile; fileRef = AFE1D679DC5848C2B11AA9F5 /* libGTM_NSStringXML.a */; };
		5ACCEEFA98524536984C9980 /* libGTM_Regex.a in Frameworks */ = {isa = PBXBuildFile; fileRef = B707CB4509AE489A847C34F4 /* libGTM_Regex.a */; };
		A62B80F5FF464700B2092696 /* libGTM_RoundedRectPath.a in Frameworks */ = {isa = PBXBuildFile; fileRef = 1E9C5E03DF3848FFA89C2D20 /* libGTM_RoundedRectPath.a */; };
		7AAEBCDC123146508844D714 /* libGTM_StringEncoding.a in Frameworks */ = {isa = PBXBuildFile; fileRef = 82CE6A978D9246A8B3872D57 /* libGTM_StringEncoding.a */; };
		F97351DA8D1F40E1A3F74CDB /* libGTM_SystemVersion.a in Frameworks */ = {isa = PBXBuildFile; fileRef = 51C816324F534D80A1DB1993 /* libGTM_SystemVersion.a */; };
		FAD0977C47294F5A96DDA476 /* libGTM_UIFont+LineHeight.a in Frameworks */ = {isa = PBXBuildFile; fileRef = DA2A836257AD48E1A2F588C9 /* libGTM_UIFont+LineHeight.a */; };
		3101ABAA639E44928764BD9C /* libGTM_core.a in Frameworks */ = {isa = PBXBuildFile; fileRef = DBDFB633C27245AB9B11B949 /* libGTM_core.a */; };
		E68284A074A1451C9D25E6AB /* libGTM_iPhone.a in Frameworks */ = {isa = PBXBuildFile; fileRef = 86D272A613D84E9B87F5AD1E /* libGTM_iPhone.a */; };
		8CC1899BC84D41A38316438B /* libGcmLib.a in Frameworks */ = {isa = PBXBuildFile; fileRef = 6C159E237ACB4BAA98849B6A /* libGcmLib.a */; };
		91A1EB9DADE84B7FB34FB659 /* libProtocolBuffers.a in Frameworks */ = {isa = PBXBuildFile; fileRef = 139066827426470F90935F25 /* libProtocolBuffers.a */; };
		E25D5439E30E42A681DA2318 /* AddressBook.framework in Frameworks */ = {isa = PBXBuildFile; fileRef = 6668B85B300E4A398FF446BF /* AddressBook.framework */; };
		4CFCF468576A4D3FA2CB9234 /* libsqlite3.tbd in Frameworks */ = {isa = PBXBuildFile; fileRef = 9C9095370DD74BF1934B4145 /* libsqlite3.tbd */; };
		12E2BBF116004457A4A234DF /* libz.tbd in Frameworks */ = {isa = PBXBuildFile; fileRef = C419DC5FBA4A45568CC47F24 /* libz.tbd */; };
		F1C4D8A9329446AFBAC8FCF9 /* CDVDevice.m in Sources */ = {isa = PBXBuildFile; fileRef = DC6132796FE4485FADF4A8DB /* CDVDevice.m */; };
		F7DB568203E04C2AB82073F8 /* CDVNotification.m in Sources */ = {isa = PBXBuildFile; fileRef = B18B450F28AF44CB9099D1ED /* CDVNotification.m */; };
		0F61CAC231B14339849FE3FB /* CDVNotification.bundle in Resources */ = {isa = PBXBuildFile; fileRef = 31DADF1E7BB7445CA9F96881 /* CDVNotification.bundle */; };
		C0BC2724436D4BF09230464D /* AudioToolbox.framework in Frameworks */ = {isa = PBXBuildFile; fileRef = B54A1FBD12754833A689C274 /* AudioToolbox.framework */; settings = {ATTRIBUTES = (Weak, ); }; };
		C20C69EC74BC48019EF9EADA /* CDVInAppBrowser.m in Sources */ = {isa = PBXBuildFile; fileRef = 0FC2E4ABC75746B99364AB59 /* CDVInAppBrowser.m */; };
		AE1D16DED37345A3B2503B75 /* CDVConnection.m in Sources */ = {isa = PBXBuildFile; fileRef = BA744FC604654A7CB1E73B7D /* CDVConnection.m */; };
		E986350E637C4E93925F18E9 /* CDVReachability.m in Sources */ = {isa = PBXBuildFile; fileRef = 90B4365FAC524FF291916044 /* CDVReachability.m */; };
		3490AE8493524AAE881F4E2A /* SystemConfiguration.framework in Frameworks */ = {isa = PBXBuildFile; fileRef = 19BBDF7357624BFF8E835FA6 /* SystemConfiguration.framework */; settings = {ATTRIBUTES = (Weak, ); }; };
		6FF6706136524F2F9DA746AA /* CoreTelephony.framework in Frameworks */ = {isa = PBXBuildFile; fileRef = FEA26D7B1EFC49D78FE6DD50 /* CoreTelephony.framework */; };
		4421673C7BD449D8A187B54A /* CDVStatusBar.m in Sources */ = {isa = PBXBuildFile; fileRef = 1A0AE81215C94E398DFA79F0 /* CDVStatusBar.m */; };
		C237619FC486486BA4E47310 /* CDVContacts.m in Sources */ = {isa = PBXBuildFile; fileRef = F9CDE499EF464F8287B5A769 /* CDVContacts.m */; };
		C8275DA463D04760A929B62F /* CDVContact.m in Sources */ = {isa = PBXBuildFile; fileRef = E8EE5D6572B342299A3C07EA /* CDVContact.m */; };
		B83187414B1241CEBC4D774C /* AddressBookUI.framework in Frameworks */ = {isa = PBXBuildFile; fileRef = 5DFD349118754B859C847DE0 /* AddressBookUI.framework */; settings = {ATTRIBUTES = (Weak, ); }; };
		C5D37A785CAE40F493A213B1 /* NSString+SSURLEncoding.m in Sources */ = {isa = PBXBuildFile; fileRef = 7769908A869840FDB483A444 /* NSString+SSURLEncoding.m */; };
		F8115772348D421D8C40A194 /* SocialSharing.m in Sources */ = {isa = PBXBuildFile; fileRef = 886270711E9C49E59DEF266B /* SocialSharing.m */; };
		41875A4B696B4F3297C5DEFC /* Social.framework in Frameworks */ = {isa = PBXBuildFile; fileRef = AFAB59D116D347BFB1A4DBC8 /* Social.framework */; settings = {ATTRIBUTES = (Weak, ); }; };
		6970934C683D4BEAB605A9C6 /* MessageUI.framework in Frameworks */ = {isa = PBXBuildFile; fileRef = CB4ACF7FF2854B799EBEAF1E /* MessageUI.framework */; settings = {ATTRIBUTES = (Weak, ); }; };
/* End PBXBuildFile section */

/* Begin PBXContainerItemProxy section */
		301BF534109A57CC0062928A /* PBXContainerItemProxy */ = {
			isa = PBXContainerItemProxy;
			containerPortal = 301BF52D109A57CC0062928A /* CordovaLib.xcodeproj */;
			proxyType = 2;
			remoteGlobalIDString = D2AAC07E0554694100DB518D;
			remoteInfo = CordovaLib;
		};
		301BF550109A68C00062928A /* PBXContainerItemProxy */ = {
			isa = PBXContainerItemProxy;
			containerPortal = 301BF52D109A57CC0062928A /* CordovaLib.xcodeproj */;
			proxyType = 1;
			remoteGlobalIDString = D2AAC07D0554694100DB518D;
			remoteInfo = CordovaLib;
		};
/* End PBXContainerItemProxy section */

/* Begin PBXFileReference section */
		0207DA571B56EA530066E2B4 /* Images.xcassets */ = {isa = PBXFileReference; lastKnownFileType = folder.assetcatalog; name = Images.xcassets; path = "Pozzoli/Images.xcassets"; sourceTree = SOURCE_ROOT; };
		1D3623240D0F684500981E51 /* AppDelegate.h */ = {isa = PBXFileReference; fileEncoding = 4; lastKnownFileType = sourcecode.c.h; path = AppDelegate.h; sourceTree = "<group>"; };
		1D3623250D0F684500981E51 /* AppDelegate.m */ = {isa = PBXFileReference; fileEncoding = 4; lastKnownFileType = sourcecode.c.objc; path = AppDelegate.m; sourceTree = "<group>"; };
		1D6058910D05DD3D006BFB54 /* Pozzoli.app */ = {isa = PBXFileReference; explicitFileType = wrapper.application; includeInIndex = 0; path = "Pozzoli.app"; sourceTree = BUILT_PRODUCTS_DIR; };
		29B97316FDCFA39411CA2CEA /* main.m */ = {isa = PBXFileReference; fileEncoding = 4; lastKnownFileType = sourcecode.c.objc; path = main.m; sourceTree = "<group>"; };
		301BF52D109A57CC0062928A /* CordovaLib.xcodeproj */ = {isa = PBXFileReference; lastKnownFileType = "wrapper.pb-project"; name = CordovaLib.xcodeproj; path = CordovaLib/CordovaLib.xcodeproj; sourceTree = "<group>"; };
		301BF56E109A69640062928A /* www */ = {isa = PBXFileReference; lastKnownFileType = folder; path = www; sourceTree = SOURCE_ROOT; };
		302D95EE14D2391D003F00A1 /* MainViewController.h */ = {isa = PBXFileReference; fileEncoding = 4; lastKnownFileType = sourcecode.c.h; path = MainViewController.h; sourceTree = "<group>"; };
		302D95EF14D2391D003F00A1 /* MainViewController.m */ = {isa = PBXFileReference; fileEncoding = 4; lastKnownFileType = sourcecode.c.objc; path = MainViewController.m; sourceTree = "<group>"; };
		302D95F014D2391D003F00A1 /* MainViewController.xib */ = {isa = PBXFileReference; fileEncoding = 4; lastKnownFileType = file.xib; path = MainViewController.xib; sourceTree = "<group>"; };
		3047A50F1AB8059700498E2A /* build-debug.xcconfig */ = {isa = PBXFileReference; fileEncoding = 4; lastKnownFileType = text.xcconfig; name = "build-debug.xcconfig"; path = cordova/build-debug.xcconfig; sourceTree = SOURCE_ROOT; };
		3047A5101AB8059700498E2A /* build-release.xcconfig */ = {isa = PBXFileReference; fileEncoding = 4; lastKnownFileType = text.xcconfig; name = "build-release.xcconfig"; path = cordova/build-release.xcconfig; sourceTree = SOURCE_ROOT; };
		3047A5111AB8059700498E2A /* build.xcconfig */ = {isa = PBXFileReference; fileEncoding = 4; lastKnownFileType = text.xcconfig; name = build.xcconfig; path = cordova/build.xcconfig; sourceTree = SOURCE_ROOT; };
		32CA4F630368D1EE00C91783 /* Pozzoli-Prefix.pch */ = {isa = PBXFileReference; fileEncoding = 4; lastKnownFileType = sourcecode.c.h; path = "Pozzoli-Prefix.pch"; sourceTree = "<group>"; };
		6AFF5BF81D6E424B00AB3073 /* CDVLaunchScreen.storyboard */ = {isa = PBXFileReference; fileEncoding = 4; lastKnownFileType = file.storyboard; name = CDVLaunchScreen.storyboard; path = "Pozzoli/CDVLaunchScreen.storyboard"; sourceTree = SOURCE_ROOT; };
		8D1107310486CEB800E47090 /* Pozzoli-Info.plist */ = {isa = PBXFileReference; fileEncoding = 4; lastKnownFileType = text.plist.xml; name = "Pozzoli-Info.plist"; path = "Pozzoli/Pozzoli-Info.plist"; plistStructureDefinitionIdentifier = "com.apple.xcode.plist.structure-definition.iphone.info-plist"; sourceTree = SOURCE_ROOT; };
		EB87FDF31871DA8E0020F90C /* www */ = {isa = PBXFileReference; lastKnownFileType = folder; name = www; path = ../../www; sourceTree = "<group>"; };
		EB87FDF41871DAF40020F90C /* config.xml */ = {isa = PBXFileReference; lastKnownFileType = text.xml; name = config.xml; path = ../../config.xml; sourceTree = "<group>"; };
		F840E1F0165FE0F500CFE078 /* config.xml */ = {isa = PBXFileReference; lastKnownFileType = text.xml; name = config.xml; path = "Pozzoli/config.xml"; sourceTree = "<group>"; };
		ED33DF2A687741AEAF9F8254 /* Bridging-Header.h */ = {isa = PBXFileReference; fileEncoding = 4; lastKnownFileType = sourcecode.c.h; name = "Bridging-Header.h"; path = "Bridging-Header.h"; sourceTree = "<group>"; };
		C7353367FA9C4427A124F3F0 /* AppDelegate+notification.m */ = {isa = PBXFileReference; name = "AppDelegate+notification.m"; path = "phonegap-plugin-push/AppDelegate+notification.m"; sourceTree = "<group>"; fileEncoding = 4; lastKnownFileType = sourcecode.c.objc; explicitFileType = undefined; includeInIndex = 0; };
		0B6414767290441ABDC311B0 /* PushPlugin.m */ = {isa = PBXFileReference; name = "PushPlugin.m"; path = "phonegap-plugin-push/PushPlugin.m"; sourceTree = "<group>"; fileEncoding = 4; lastKnownFileType = sourcecode.c.objc; explicitFileType = undefined; includeInIndex = 0; };
		3A6F59B9FB3547C59C356684 /* libGGLCloudMessaging.a */ = {isa = PBXFileReference; name = "libGGLCloudMessaging.a"; path = "Pozzoli/Plugins/phonegap-plugin-push/GCM/Libraries/libGGLCloudMessaging.a"; sourceTree = "<group>"; fileEncoding = undefined; lastKnownFileType = archive.ar; explicitFileType = undefined; includeInIndex = 0; };
		68C8833A34FD40B99BA9D2BC /* libGGLCore.a */ = {isa = PBXFileReference; name = "libGGLCore.a"; path = "Pozzoli/Plugins/phonegap-plugin-push/GCM/Libraries/libGGLCore.a"; sourceTree = "<group>"; fileEncoding = undefined; lastKnownFileType = archive.ar; explicitFileType = undefined; includeInIndex = 0; };
		CF67305EF7BE47DD97E47323 /* libGGLInstanceIDLib.a */ = {isa = PBXFileReference; name = "libGGLInstanceIDLib.a"; path = "Pozzoli/Plugins/phonegap-plugin-push/GCM/Libraries/libGGLInstanceIDLib.a"; sourceTree = "<group>"; fileEncoding = undefined; lastKnownFileType = archive.ar; explicitFileType = undefined; includeInIndex = 0; };
		CE6B4B40F7CF4578842C9B78 /* libGIP_Reachability.a */ = {isa = PBXFileReference; name = "libGIP_Reachability.a"; path = "Pozzoli/Plugins/phonegap-plugin-push/GCM/Libraries/libGIP_Reachability.a"; sourceTree = "<group>"; fileEncoding = undefined; lastKnownFileType = archive.ar; explicitFileType = undefined; includeInIndex = 0; };
		2ED9CB296CA54AA2B7F29B78 /* libGSDK_Overload.a */ = {isa = PBXFileReference; name = "libGSDK_Overload.a"; path = "Pozzoli/Plugins/phonegap-plugin-push/GCM/Libraries/libGSDK_Overload.a"; sourceTree = "<group>"; fileEncoding = undefined; lastKnownFileType = archive.ar; explicitFileType = undefined; includeInIndex = 0; };
		62533F69A65B4F4CA650943B /* libGTMSessionFetcher_core.a */ = {isa = PBXFileReference; name = "libGTMSessionFetcher_core.a"; path = "Pozzoli/Plugins/phonegap-plugin-push/GCM/Libraries/libGTMSessionFetcher_core.a"; sourceTree = "<group>"; fileEncoding = undefined; lastKnownFileType = archive.ar; explicitFileType = undefined; includeInIndex = 0; };
		2F5CE9E9094642FEB8A6D36A /* libGTMSessionFetcher_full.a */ = {isa = PBXFileReference; name = "libGTMSessionFetcher_full.a"; path = "Pozzoli/Plugins/phonegap-plugin-push/GCM/Libraries/libGTMSessionFetcher_full.a"; sourceTree = "<group>"; fileEncoding = undefined; lastKnownFileType = archive.ar; explicitFileType = undefined; includeInIndex = 0; };
		A3A206D4DE9941CB859962B6 /* libGTMStackTrace.a */ = {isa = PBXFileReference; name = "libGTMStackTrace.a"; path = "Pozzoli/Plugins/phonegap-plugin-push/GCM/Libraries/libGTMStackTrace.a"; sourceTree = "<group>"; fileEncoding = undefined; lastKnownFileType = archive.ar; explicitFileType = undefined; includeInIndex = 0; };
		DBF4A575BE4E4D1EB871F023 /* libGTM_AddressBook.a */ = {isa = PBXFileReference; name = "libGTM_AddressBook.a"; path = "Pozzoli/Plugins/phonegap-plugin-push/GCM/Libraries/libGTM_AddressBook.a"; sourceTree = "<group>"; fileEncoding = undefined; lastKnownFileType = archive.ar; explicitFileType = undefined; includeInIndex = 0; };
		BDE972D51BCF498FA414F475 /* libGTM_DebugUtils.a */ = {isa = PBXFileReference; name = "libGTM_DebugUtils.a"; path = "Pozzoli/Plugins/phonegap-plugin-push/GCM/Libraries/libGTM_DebugUtils.a"; sourceTree = "<group>"; fileEncoding = undefined; lastKnownFileType = archive.ar; explicitFileType = undefined; includeInIndex = 0; };
		36610EC1EB584B4597D292AD /* libGTM_GTMURLBuilder.a */ = {isa = PBXFileReference; name = "libGTM_GTMURLBuilder.a"; path = "Pozzoli/Plugins/phonegap-plugin-push/GCM/Libraries/libGTM_GTMURLBuilder.a"; sourceTree = "<group>"; fileEncoding = undefined; lastKnownFileType = archive.ar; explicitFileType = undefined; includeInIndex = 0; };
		24F62B8D8F7C4786A0A2AEA4 /* libGTM_KVO.a */ = {isa = PBXFileReference; name = "libGTM_KVO.a"; path = "Pozzoli/Plugins/phonegap-plugin-push/GCM/Libraries/libGTM_KVO.a"; sourceTree = "<group>"; fileEncoding = undefined; lastKnownFileType = archive.ar; explicitFileType = undefined; includeInIndex = 0; };
		AAE3F3EF5D884C3D99323CA9 /* libGTM_NSData+zlib.a */ = {isa = PBXFileReference; name = "libGTM_NSData+zlib.a"; path = "Pozzoli/Plugins/phonegap-plugin-push/GCM/Libraries/libGTM_NSData+zlib.a"; sourceTree = "<group>"; fileEncoding = undefined; lastKnownFileType = archive.ar; explicitFileType = undefined; includeInIndex = 0; };
		908109FB68FB466A84740338 /* libGTM_NSDictionary+URLArguments.a */ = {isa = PBXFileReference; name = "libGTM_NSDictionary+URLArguments.a"; path = "Pozzoli/Plugins/phonegap-plugin-push/GCM/Libraries/libGTM_NSDictionary+URLArguments.a"; sourceTree = "<group>"; fileEncoding = undefined; lastKnownFileType = archive.ar; explicitFileType = undefined; includeInIndex = 0; };
		299F9BCBA448459293B78687 /* libGTM_NSScannerJSON.a */ = {isa = PBXFileReference; name = "libGTM_NSScannerJSON.a"; path = "Pozzoli/Plugins/phonegap-plugin-push/GCM/Libraries/libGTM_NSScannerJSON.a"; sourceTree = "<group>"; fileEncoding = undefined; lastKnownFileType = archive.ar; explicitFileType = undefined; includeInIndex = 0; };
		2C8A6CB84410480B8908BB1F /* libGTM_NSStringHTML.a */ = {isa = PBXFileReference; name = "libGTM_NSStringHTML.a"; path = "Pozzoli/Plugins/phonegap-plugin-push/GCM/Libraries/libGTM_NSStringHTML.a"; sourceTree = "<group>"; fileEncoding = undefined; lastKnownFileType = archive.ar; explicitFileType = undefined; includeInIndex = 0; };
		AFE1D679DC5848C2B11AA9F5 /* libGTM_NSStringXML.a */ = {isa = PBXFileReference; name = "libGTM_NSStringXML.a"; path = "Pozzoli/Plugins/phonegap-plugin-push/GCM/Libraries/libGTM_NSStringXML.a"; sourceTree = "<group>"; fileEncoding = undefined; lastKnownFileType = archive.ar; explicitFileType = undefined; includeInIndex = 0; };
		B707CB4509AE489A847C34F4 /* libGTM_Regex.a */ = {isa = PBXFileReference; name = "libGTM_Regex.a"; path = "Pozzoli/Plugins/phonegap-plugin-push/GCM/Libraries/libGTM_Regex.a"; sourceTree = "<group>"; fileEncoding = undefined; lastKnownFileType = archive.ar; explicitFileType = undefined; includeInIndex = 0; };
		1E9C5E03DF3848FFA89C2D20 /* libGTM_RoundedRectPath.a */ = {isa = PBXFileReference; name = "libGTM_RoundedRectPath.a"; path = "Pozzoli/Plugins/phonegap-plugin-push/GCM/Libraries/libGTM_RoundedRectPath.a"; sourceTree = "<group>"; fileEncoding = undefined; lastKnownFileType = archive.ar; explicitFileType = undefined; includeInIndex = 0; };
		82CE6A978D9246A8B3872D57 /* libGTM_StringEncoding.a */ = {isa = PBXFileReference; name = "libGTM_StringEncoding.a"; path = "Pozzoli/Plugins/phonegap-plugin-push/GCM/Libraries/libGTM_StringEncoding.a"; sourceTree = "<group>"; fileEncoding = undefined; lastKnownFileType = archive.ar; explicitFileType = undefined; includeInIndex = 0; };
		51C816324F534D80A1DB1993 /* libGTM_SystemVersion.a */ = {isa = PBXFileReference; name = "libGTM_SystemVersion.a"; path = "Pozzoli/Plugins/phonegap-plugin-push/GCM/Libraries/libGTM_SystemVersion.a"; sourceTree = "<group>"; fileEncoding = undefined; lastKnownFileType = archive.ar; explicitFileType = undefined; includeInIndex = 0; };
		DA2A836257AD48E1A2F588C9 /* libGTM_UIFont+LineHeight.a */ = {isa = PBXFileReference; name = "libGTM_UIFont+LineHeight.a"; path = "Pozzoli/Plugins/phonegap-plugin-push/GCM/Libraries/libGTM_UIFont+LineHeight.a"; sourceTree = "<group>"; fileEncoding = undefined; lastKnownFileType = archive.ar; explicitFileType = undefined; includeInIndex = 0; };
		DBDFB633C27245AB9B11B949 /* libGTM_core.a */ = {isa = PBXFileReference; name = "libGTM_core.a"; path = "Pozzoli/Plugins/phonegap-plugin-push/GCM/Libraries/libGTM_core.a"; sourceTree = "<group>"; fileEncoding = undefined; lastKnownFileType = archive.ar; explicitFileType = undefined; includeInIndex = 0; };
		86D272A613D84E9B87F5AD1E /* libGTM_iPhone.a */ = {isa = PBXFileReference; name = "libGTM_iPhone.a"; path = "Pozzoli/Plugins/phonegap-plugin-push/GCM/Libraries/libGTM_iPhone.a"; sourceTree = "<group>"; fileEncoding = undefined; lastKnownFileType = archive.ar; explicitFileType = undefined; includeInIndex = 0; };
		6C159E237ACB4BAA98849B6A /* libGcmLib.a */ = {isa = PBXFileReference; name = "libGcmLib.a"; path = "Pozzoli/Plugins/phonegap-plugin-push/GCM/Libraries/libGcmLib.a"; sourceTree = "<group>"; fileEncoding = undefined; lastKnownFileType = archive.ar; explicitFileType = undefined; includeInIndex = 0; };
		139066827426470F90935F25 /* libProtocolBuffers.a */ = {isa = PBXFileReference; name = "libProtocolBuffers.a"; path = "Pozzoli/Plugins/phonegap-plugin-push/GCM/Libraries/libProtocolBuffers.a"; sourceTree = "<group>"; fileEncoding = undefined; lastKnownFileType = archive.ar; explicitFileType = undefined; includeInIndex = 0; };
		0B42ADF470D4489FB3A553BD /* AppDelegate+notification.h */ = {isa = PBXFileReference; name = "AppDelegate+notification.h"; path = "phonegap-plugin-push/AppDelegate+notification.h"; sourceTree = "<group>"; fileEncoding = 4; lastKnownFileType = sourcecode.c.h; explicitFileType = undefined; includeInIndex = 0; };
		D08AC2D5343042A4A5F64EC1 /* PushPlugin.h */ = {isa = PBXFileReference; name = "PushPlugin.h"; path = "phonegap-plugin-push/PushPlugin.h"; sourceTree = "<group>"; fileEncoding = 4; lastKnownFileType = sourcecode.c.h; explicitFileType = undefined; includeInIndex = 0; };
		66346C9D84CB4E5286CFF53B /* GGLInstanceID.h */ = {isa = PBXFileReference; name = "GGLInstanceID.h"; path = "phonegap-plugin-push/GCM/Headers/GGLInstanceID.h"; sourceTree = "<group>"; fileEncoding = 4; lastKnownFileType = sourcecode.c.h; explicitFileType = undefined; includeInIndex = 0; };
		39AE7EA8C932476DA2EC072F /* GGLInstanceIDConfig.h */ = {isa = PBXFileReference; name = "GGLInstanceIDConfig.h"; path = "phonegap-plugin-push/GCM/Headers/GGLInstanceIDConfig.h"; sourceTree = "<group>"; fileEncoding = 4; lastKnownFileType = sourcecode.c.h; explicitFileType = undefined; includeInIndex = 0; };
		9244246C3B334FFEAE85C0B3 /* GGLInstanceIDDelegate.h */ = {isa = PBXFileReference; name = "GGLInstanceIDDelegate.h"; path = "phonegap-plugin-push/GCM/Headers/GGLInstanceIDDelegate.h"; sourceTree = "<group>"; fileEncoding = 4; lastKnownFileType = sourcecode.c.h; explicitFileType = undefined; includeInIndex = 0; };
		D5C9074E407F415198213739 /* GGLInstanceIDHeaders.h */ = {isa = PBXFileReference; name = "GGLInstanceIDHeaders.h"; path = "phonegap-plugin-push/GCM/Headers/GGLInstanceIDHeaders.h"; sourceTree = "<group>"; fileEncoding = 4; lastKnownFileType = sourcecode.c.h; explicitFileType = undefined; includeInIndex = 0; };
		AB6BFBF26AF3418D83FAFA41 /* CloudMessaging.h */ = {isa = PBXFileReference; name = "CloudMessaging.h"; path = "phonegap-plugin-push/GCM/Headers/CloudMessaging.h"; sourceTree = "<group>"; fileEncoding = 4; lastKnownFileType = sourcecode.c.h; explicitFileType = undefined; includeInIndex = 0; };
		FDCDE1604F3B4FD4B4692CEF /* GGLContext+CloudMessaging.h */ = {isa = PBXFileReference; name = "GGLContext+CloudMessaging.h"; path = "phonegap-plugin-push/GCM/Headers/GGLContext+CloudMessaging.h"; sourceTree = "<group>"; fileEncoding = 4; lastKnownFileType = sourcecode.c.h; explicitFileType = undefined; includeInIndex = 0; };
		07F74B2AEBD648C6A113C64A /* Core.h */ = {isa = PBXFileReference; name = "Core.h"; path = "phonegap-plugin-push/GCM/Headers/Core.h"; sourceTree = "<group>"; fileEncoding = 4; lastKnownFileType = sourcecode.c.h; explicitFileType = undefined; includeInIndex = 0; };
		9C06E601DC484B92B0AB840C /* GGLConfiguration.h */ = {isa = PBXFileReference; name = "GGLConfiguration.h"; path = "phonegap-plugin-push/GCM/Headers/GGLConfiguration.h"; sourceTree = "<group>"; fileEncoding = 4; lastKnownFileType = sourcecode.c.h; explicitFileType = undefined; includeInIndex = 0; };
		6F94C7D4D72A46D7BF81AF7C /* GGLContext.h */ = {isa = PBXFileReference; name = "GGLContext.h"; path = "phonegap-plugin-push/GCM/Headers/GGLContext.h"; sourceTree = "<group>"; fileEncoding = 4; lastKnownFileType = sourcecode.c.h; explicitFileType = undefined; includeInIndex = 0; };
		86B77B94C48641108C7546BE /* GGLErrorCode.h */ = {isa = PBXFileReference; name = "GGLErrorCode.h"; path = "phonegap-plugin-push/GCM/Headers/GGLErrorCode.h"; sourceTree = "<group>"; fileEncoding = 4; lastKnownFileType = sourcecode.c.h; explicitFileType = undefined; includeInIndex = 0; };
		3D94FA2E0AC042849A274AB3 /* GCMConfig.h */ = {isa = PBXFileReference; name = "GCMConfig.h"; path = "phonegap-plugin-push/GCM/Headers/GCMConfig.h"; sourceTree = "<group>"; fileEncoding = 4; lastKnownFileType = sourcecode.c.h; explicitFileType = undefined; includeInIndex = 0; };
		B5D61943EB0E479EBA379223 /* GCMPubSub.h */ = {isa = PBXFileReference; name = "GCMPubSub.h"; path = "phonegap-plugin-push/GCM/Headers/GCMPubSub.h"; sourceTree = "<group>"; fileEncoding = 4; lastKnownFileType = sourcecode.c.h; explicitFileType = undefined; includeInIndex = 0; };
		AD0AA2240BC745D6B8AD76F3 /* GCMReceiverDelegate.h */ = {isa = PBXFileReference; name = "GCMReceiverDelegate.h"; path = "phonegap-plugin-push/GCM/Headers/GCMReceiverDelegate.h"; sourceTree = "<group>"; fileEncoding = 4; lastKnownFileType = sourcecode.c.h; explicitFileType = undefined; includeInIndex = 0; };
		12F15A2DC98E4B9AA5F00802 /* GCMService.h */ = {isa = PBXFileReference; name = "GCMService.h"; path = "phonegap-plugin-push/GCM/Headers/GCMService.h"; sourceTree = "<group>"; fileEncoding = 4; lastKnownFileType = sourcecode.c.h; explicitFileType = undefined; includeInIndex = 0; };
		349FC9A1510141D0A8208F93 /* GoogleCloudMessaging.h */ = {isa = PBXFileReference; name = "GoogleCloudMessaging.h"; path = "phonegap-plugin-push/GCM/Headers/GoogleCloudMessaging.h"; sourceTree = "<group>"; fileEncoding = 4; lastKnownFileType = sourcecode.c.h; explicitFileType = undefined; includeInIndex = 0; };
		6668B85B300E4A398FF446BF /* AddressBook.framework */ = {isa = PBXFileReference; name = "AddressBook.framework"; path = "System/Library/Frameworks/AddressBook.framework"; sourceTree = SDKROOT; fileEncoding = undefined; lastKnownFileType = wrapper.framework; explicitFileType = undefined; includeInIndex = 0; };
		9C9095370DD74BF1934B4145 /* libsqlite3.tbd */ = {isa = PBXFileReference; name = "libsqlite3.tbd"; path = "usr/lib/libsqlite3.tbd"; sourceTree = SDKROOT; fileEncoding = undefined; lastKnownFileType = sourcecode.text-based-dylib-definition; explicitFileType = undefined; includeInIndex = 0; };
		C419DC5FBA4A45568CC47F24 /* libz.tbd */ = {isa = PBXFileReference; name = "libz.tbd"; path = "usr/lib/libz.tbd"; sourceTree = SDKROOT; fileEncoding = undefined; lastKnownFileType = sourcecode.text-based-dylib-definition; explicitFileType = undefined; includeInIndex = 0; };
		DC6132796FE4485FADF4A8DB /* CDVDevice.m */ = {isa = PBXFileReference; name = "CDVDevice.m"; path = "cordova-plugin-device/CDVDevice.m"; sourceTree = "<group>"; fileEncoding = 4; lastKnownFileType = sourcecode.c.objc; explicitFileType = undefined; includeInIndex = 0; };
		D79456BA4D7B4B668D507089 /* CDVDevice.h */ = {isa = PBXFileReference; name = "CDVDevice.h"; path = "cordova-plugin-device/CDVDevice.h"; sourceTree = "<group>"; fileEncoding = 4; lastKnownFileType = sourcecode.c.h; explicitFileType = undefined; includeInIndex = 0; };
		B18B450F28AF44CB9099D1ED /* CDVNotification.m */ = {isa = PBXFileReference; name = "CDVNotification.m"; path = "cordova-plugin-dialogs/CDVNotification.m"; sourceTree = "<group>"; fileEncoding = 4; lastKnownFileType = sourcecode.c.objc; explicitFileType = undefined; includeInIndex = 0; };
		A6D63460D69C41E28D833B52 /* CDVNotification.h */ = {isa = PBXFileReference; name = "CDVNotification.h"; path = "cordova-plugin-dialogs/CDVNotification.h"; sourceTree = "<group>"; fileEncoding = 4; lastKnownFileType = sourcecode.c.h; explicitFileType = undefined; includeInIndex = 0; };
		31DADF1E7BB7445CA9F96881 /* CDVNotification.bundle */ = {isa = PBXFileReference; name = "CDVNotification.bundle"; path = "CDVNotification.bundle"; sourceTree = "<group>"; fileEncoding = undefined; lastKnownFileType = wrapper.plug-in; explicitFileType = undefined; includeInIndex = 0; };
		B54A1FBD12754833A689C274 /* AudioToolbox.framework */ = {isa = PBXFileReference; name = "AudioToolbox.framework"; path = "System/Library/Frameworks/AudioToolbox.framework"; sourceTree = SDKROOT; fileEncoding = undefined; lastKnownFileType = wrapper.framework; explicitFileType = undefined; includeInIndex = 0; };
		0FC2E4ABC75746B99364AB59 /* CDVInAppBrowser.m */ = {isa = PBXFileReference; name = "CDVInAppBrowser.m"; path = "cordova-plugin-inappbrowser/CDVInAppBrowser.m"; sourceTree = "<group>"; fileEncoding = 4; lastKnownFileType = sourcecode.c.objc; explicitFileType = undefined; includeInIndex = 0; };
		3482DD0A3FBF4BFEB32597EA /* CDVInAppBrowser.h */ = {isa = PBXFileReference; name = "CDVInAppBrowser.h"; path = "cordova-plugin-inappbrowser/CDVInAppBrowser.h"; sourceTree = "<group>"; fileEncoding = 4; lastKnownFileType = sourcecode.c.h; explicitFileType = undefined; includeInIndex = 0; };
		BA744FC604654A7CB1E73B7D /* CDVConnection.m */ = {isa = PBXFileReference; name = "CDVConnection.m"; path = "cordova-plugin-network-information/CDVConnection.m"; sourceTree = "<group>"; fileEncoding = 4; lastKnownFileType = sourcecode.c.objc; explicitFileType = undefined; includeInIndex = 0; };
		90B4365FAC524FF291916044 /* CDVReachability.m */ = {isa = PBXFileReference; name = "CDVReachability.m"; path = "cordova-plugin-network-information/CDVReachability.m"; sourceTree = "<group>"; fileEncoding = 4; lastKnownFileType = sourcecode.c.objc; explicitFileType = undefined; includeInIndex = 0; };
		A0EC91701DBC4CEF830AD45A /* CDVConnection.h */ = {isa = PBXFileReference; name = "CDVConnection.h"; path = "cordova-plugin-network-information/CDVConnection.h"; sourceTree = "<group>"; fileEncoding = 4; lastKnownFileType = sourcecode.c.h; explicitFileType = undefined; includeInIndex = 0; };
		5BF5B5741A564D0B87EC2869 /* CDVReachability.h */ = {isa = PBXFileReference; name = "CDVReachability.h"; path = "cordova-plugin-network-information/CDVReachability.h"; sourceTree = "<group>"; fileEncoding = 4; lastKnownFileType = sourcecode.c.h; explicitFileType = undefined; includeInIndex = 0; };
		19BBDF7357624BFF8E835FA6 /* SystemConfiguration.framework */ = {isa = PBXFileReference; name = "SystemConfiguration.framework"; path = "System/Library/Frameworks/SystemConfiguration.framework"; sourceTree = SDKROOT; fileEncoding = undefined; lastKnownFileType = wrapper.framework; explicitFileType = undefined; includeInIndex = 0; };
		FEA26D7B1EFC49D78FE6DD50 /* CoreTelephony.framework */ = {isa = PBXFileReference; name = "CoreTelephony.framework"; path = "System/Library/Frameworks/CoreTelephony.framework"; sourceTree = SDKROOT; fileEncoding = undefined; lastKnownFileType = wrapper.framework; explicitFileType = undefined; includeInIndex = 0; };
		1A0AE81215C94E398DFA79F0 /* CDVStatusBar.m */ = {isa = PBXFileReference; name = "CDVStatusBar.m"; path = "cordova-plugin-statusbar/CDVStatusBar.m"; sourceTree = "<group>"; fileEncoding = 4; lastKnownFileType = sourcecode.c.objc; explicitFileType = undefined; includeInIndex = 0; };
		2CCDC65C78304D4F9639F164 /* CDVStatusBar.h */ = {isa = PBXFileReference; name = "CDVStatusBar.h"; path = "cordova-plugin-statusbar/CDVStatusBar.h"; sourceTree = "<group>"; fileEncoding = 4; lastKnownFileType = sourcecode.c.h; explicitFileType = undefined; includeInIndex = 0; };
		F9CDE499EF464F8287B5A769 /* CDVContacts.m */ = {isa = PBXFileReference; name = "CDVContacts.m"; path = "cordova-plugin-contacts/CDVContacts.m"; sourceTree = "<group>"; fileEncoding = 4; lastKnownFileType = sourcecode.c.objc; explicitFileType = undefined; includeInIndex = 0; };
		E8EE5D6572B342299A3C07EA /* CDVContact.m */ = {isa = PBXFileReference; name = "CDVContact.m"; path = "cordova-plugin-contacts/CDVContact.m"; sourceTree = "<group>"; fileEncoding = 4; lastKnownFileType = sourcecode.c.objc; explicitFileType = undefined; includeInIndex = 0; };
		B1639A39D48847DE8C614D24 /* CDVContacts.h */ = {isa = PBXFileReference; name = "CDVContacts.h"; path = "cordova-plugin-contacts/CDVContacts.h"; sourceTree = "<group>"; fileEncoding = 4; lastKnownFileType = sourcecode.c.h; explicitFileType = undefined; includeInIndex = 0; };
		E59EF32F076A40C6AD68312F /* CDVContact.h */ = {isa = PBXFileReference; name = "CDVContact.h"; path = "cordova-plugin-contacts/CDVContact.h"; sourceTree = "<group>"; fileEncoding = 4; lastKnownFileType = sourcecode.c.h; explicitFileType = undefined; includeInIndex = 0; };
		5DFD349118754B859C847DE0 /* AddressBookUI.framework */ = {isa = PBXFileReference; name = "AddressBookUI.framework"; path = "System/Library/Frameworks/AddressBookUI.framework"; sourceTree = SDKROOT; fileEncoding = undefined; lastKnownFileType = wrapper.framework; explicitFileType = undefined; includeInIndex = 0; };
		7769908A869840FDB483A444 /* NSString+SSURLEncoding.m */ = {isa = PBXFileReference; name = "NSString+SSURLEncoding.m"; path = "cordova-plugin-x-socialsharing/NSString+SSURLEncoding.m"; sourceTree = "<group>"; fileEncoding = 4; lastKnownFileType = sourcecode.c.objc; explicitFileType = undefined; includeInIndex = 0; };
		886270711E9C49E59DEF266B /* SocialSharing.m */ = {isa = PBXFileReference; name = "SocialSharing.m"; path = "cordova-plugin-x-socialsharing/SocialSharing.m"; sourceTree = "<group>"; fileEncoding = 4; lastKnownFileType = sourcecode.c.objc; explicitFileType = undefined; includeInIndex = 0; };
		F494214D2BCE4758996D41A1 /* NSString+SSURLEncoding.h */ = {isa = PBXFileReference; name = "NSString+SSURLEncoding.h"; path = "cordova-plugin-x-socialsharing/NSString+SSURLEncoding.h"; sourceTree = "<group>"; fileEncoding = 4; lastKnownFileType = sourcecode.c.h; explicitFileType = undefined; includeInIndex = 0; };
		6346311E4F854230871ADEA0 /* SocialSharing.h */ = {isa = PBXFileReference; name = "SocialSharing.h"; path = "cordova-plugin-x-socialsharing/SocialSharing.h"; sourceTree = "<group>"; fileEncoding = 4; lastKnownFileType = sourcecode.c.h; explicitFileType = undefined; includeInIndex = 0; };
		AFAB59D116D347BFB1A4DBC8 /* Social.framework */ = {isa = PBXFileReference; name = "Social.framework"; path = "System/Library/Frameworks/Social.framework"; sourceTree = SDKROOT; fileEncoding = undefined; lastKnownFileType = wrapper.framework; explicitFileType = undefined; includeInIndex = 0; };
		CB4ACF7FF2854B799EBEAF1E /* MessageUI.framework */ = {isa = PBXFileReference; name = "MessageUI.framework"; path = "System/Library/Frameworks/MessageUI.framework"; sourceTree = SDKROOT; fileEncoding = undefined; lastKnownFileType = wrapper.framework; explicitFileType = undefined; includeInIndex = 0; };
/* End PBXFileReference section */

/* Begin PBXFrameworksBuildPhase section */
		1D60588F0D05DD3D006BFB54 /* Frameworks */ = {
			isa = PBXFrameworksBuildPhase;
			buildActionMask = 2147483647;
			files = (
				301BF552109A68D80062928A /* libCordova.a in Frameworks */,
				440D2DCD56B143E18FF53011 /* libGGLCloudMessaging.a in Frameworks */,
				48BA9B3DACC0441EA25B7635 /* libGGLCore.a in Frameworks */,
				ACE886BF2F8E4A228E7828B4 /* libGGLInstanceIDLib.a in Frameworks */,
				81EBEA2C417B4A7286ED0C92 /* libGIP_Reachability.a in Frameworks */,
				54EAD964502C4424BAFF7EC1 /* libGSDK_Overload.a in Frameworks */,
				50C3B54ACAF74081951E9DE5 /* libGTMSessionFetcher_core.a in Frameworks */,
				AB8AC2EE74FE4AC2937C5E01 /* libGTMSessionFetcher_full.a in Frameworks */,
				005B67E92AED45C9A1705821 /* libGTMStackTrace.a in Frameworks */,
				86D9DAB90F1D4381A802E5C4 /* libGTM_AddressBook.a in Frameworks */,
				F7EB48174C4C4615865C19CE /* libGTM_DebugUtils.a in Frameworks */,
				57DF9A39EA5946E5BAB8F8D6 /* libGTM_GTMURLBuilder.a in Frameworks */,
				981FA86234984742B2C0BCE0 /* libGTM_KVO.a in Frameworks */,
				341C42041C374302819FC7F8 /* libGTM_NSData+zlib.a in Frameworks */,
				A80D67D4B817498EB1FA7005 /* libGTM_NSDictionary+URLArguments.a in Frameworks */,
				061D53560F0A4D70918BBBB4 /* libGTM_NSScannerJSON.a in Frameworks */,
				75541910681B4ED5B024AA69 /* libGTM_NSStringHTML.a in Frameworks */,
				29F35BC580EE4EACBD14FC6B /* libGTM_NSStringXML.a in Frameworks */,
				5ACCEEFA98524536984C9980 /* libGTM_Regex.a in Frameworks */,
				A62B80F5FF464700B2092696 /* libGTM_RoundedRectPath.a in Frameworks */,
				7AAEBCDC123146508844D714 /* libGTM_StringEncoding.a in Frameworks */,
				F97351DA8D1F40E1A3F74CDB /* libGTM_SystemVersion.a in Frameworks */,
				FAD0977C47294F5A96DDA476 /* libGTM_UIFont+LineHeight.a in Frameworks */,
				3101ABAA639E44928764BD9C /* libGTM_core.a in Frameworks */,
				E68284A074A1451C9D25E6AB /* libGTM_iPhone.a in Frameworks */,
				8CC1899BC84D41A38316438B /* libGcmLib.a in Frameworks */,
				91A1EB9DADE84B7FB34FB659 /* libProtocolBuffers.a in Frameworks */,
				E25D5439E30E42A681DA2318 /* AddressBook.framework in Frameworks */,
				4CFCF468576A4D3FA2CB9234 /* libsqlite3.tbd in Frameworks */,
				12E2BBF116004457A4A234DF /* libz.tbd in Frameworks */,
				C0BC2724436D4BF09230464D /* AudioToolbox.framework in Frameworks */,
				3490AE8493524AAE881F4E2A /* SystemConfiguration.framework in Frameworks */,
				6FF6706136524F2F9DA746AA /* CoreTelephony.framework in Frameworks */,
				B83187414B1241CEBC4D774C /* AddressBookUI.framework in Frameworks */,
				41875A4B696B4F3297C5DEFC /* Social.framework in Frameworks */,
				6970934C683D4BEAB605A9C6 /* MessageUI.framework in Frameworks */,
			);
			runOnlyForDeploymentPostprocessing = 0;
		};
/* End PBXFrameworksBuildPhase section */

/* Begin PBXGroup section */
		080E96DDFE201D6D7F000001 /* Classes */ = {
			isa = PBXGroup;
			children = (
				302D95EE14D2391D003F00A1 /* MainViewController.h */,
				302D95EF14D2391D003F00A1 /* MainViewController.m */,
				302D95F014D2391D003F00A1 /* MainViewController.xib */,
				1D3623240D0F684500981E51 /* AppDelegate.h */,
				1D3623250D0F684500981E51 /* AppDelegate.m */,
			);
			name = Classes;
			path = "Pozzoli/Classes";
			sourceTree = SOURCE_ROOT;
		};
		19C28FACFE9D520D11CA2CBB /* Products */ = {
			isa = PBXGroup;
			children = (
				1D6058910D05DD3D006BFB54 /* Pozzoli.app */,
			);
			name = Products;
			sourceTree = "<group>";
		};
		29B97314FDCFA39411CA2CEA /* CustomTemplate */ = {
			isa = PBXGroup;
			children = (
				EB87FDF41871DAF40020F90C /* config.xml */,
				EB87FDF31871DA8E0020F90C /* www */,
				EB87FDF11871DA420020F90C /* Staging */,
				301BF52D109A57CC0062928A /* CordovaLib.xcodeproj */,
				080E96DDFE201D6D7F000001 /* Classes */,
				307C750510C5A3420062BCA9 /* Plugins */,
				29B97315FDCFA39411CA2CEA /* Other Sources */,
				29B97317FDCFA39411CA2CEA /* Resources */,
				29B97323FDCFA39411CA2CEA /* Frameworks */,
				19C28FACFE9D520D11CA2CBB /* Products */,
			);
			name = CustomTemplate;
			sourceTree = "<group>";
		};
		29B97315FDCFA39411CA2CEA /* Other Sources */ = {
			isa = PBXGroup;
			children = (
				32CA4F630368D1EE00C91783 /* Pozzoli-Prefix.pch */,
				29B97316FDCFA39411CA2CEA /* main.m */,
				ED33DF2A687741AEAF9F8254 /* Bridging-Header.h */,
			);
			name = "Other Sources";
			path = "Pozzoli";
			sourceTree = "<group>";
		};
		29B97317FDCFA39411CA2CEA /* Resources */ = {
			isa = PBXGroup;
			children = (
				0207DA571B56EA530066E2B4 /* Images.xcassets */,
				3047A50E1AB8057F00498E2A /* config */,
				8D1107310486CEB800E47090 /* Pozzoli-Info.plist */,
				6AFF5BF81D6E424B00AB3073 /* CDVLaunchScreen.storyboard */,
				31DADF1E7BB7445CA9F96881 /* CDVNotification.bundle */,
			);
			name = Resources;
			path = "Pozzoli/Resources";
			sourceTree = "<group>";
		};
		29B97323FDCFA39411CA2CEA /* Frameworks */ = {
			isa = PBXGroup;
			children = (
				3A6F59B9FB3547C59C356684 /* libGGLCloudMessaging.a */,
				68C8833A34FD40B99BA9D2BC /* libGGLCore.a */,
				CF67305EF7BE47DD97E47323 /* libGGLInstanceIDLib.a */,
				CE6B4B40F7CF4578842C9B78 /* libGIP_Reachability.a */,
				2ED9CB296CA54AA2B7F29B78 /* libGSDK_Overload.a */,
				62533F69A65B4F4CA650943B /* libGTMSessionFetcher_core.a */,
				2F5CE9E9094642FEB8A6D36A /* libGTMSessionFetcher_full.a */,
				A3A206D4DE9941CB859962B6 /* libGTMStackTrace.a */,
				DBF4A575BE4E4D1EB871F023 /* libGTM_AddressBook.a */,
				BDE972D51BCF498FA414F475 /* libGTM_DebugUtils.a */,
				36610EC1EB584B4597D292AD /* libGTM_GTMURLBuilder.a */,
				24F62B8D8F7C4786A0A2AEA4 /* libGTM_KVO.a */,
				AAE3F3EF5D884C3D99323CA9 /* libGTM_NSData+zlib.a */,
				908109FB68FB466A84740338 /* libGTM_NSDictionary+URLArguments.a */,
				299F9BCBA448459293B78687 /* libGTM_NSScannerJSON.a */,
				2C8A6CB84410480B8908BB1F /* libGTM_NSStringHTML.a */,
				AFE1D679DC5848C2B11AA9F5 /* libGTM_NSStringXML.a */,
				B707CB4509AE489A847C34F4 /* libGTM_Regex.a */,
				1E9C5E03DF3848FFA89C2D20 /* libGTM_RoundedRectPath.a */,
				82CE6A978D9246A8B3872D57 /* libGTM_StringEncoding.a */,
				51C816324F534D80A1DB1993 /* libGTM_SystemVersion.a */,
				DA2A836257AD48E1A2F588C9 /* libGTM_UIFont+LineHeight.a */,
				DBDFB633C27245AB9B11B949 /* libGTM_core.a */,
				86D272A613D84E9B87F5AD1E /* libGTM_iPhone.a */,
				6C159E237ACB4BAA98849B6A /* libGcmLib.a */,
				139066827426470F90935F25 /* libProtocolBuffers.a */,
				6668B85B300E4A398FF446BF /* AddressBook.framework */,
				9C9095370DD74BF1934B4145 /* libsqlite3.tbd */,
				C419DC5FBA4A45568CC47F24 /* libz.tbd */,
				B54A1FBD12754833A689C274 /* AudioToolbox.framework */,
				19BBDF7357624BFF8E835FA6 /* SystemConfiguration.framework */,
				FEA26D7B1EFC49D78FE6DD50 /* CoreTelephony.framework */,
				5DFD349118754B859C847DE0 /* AddressBookUI.framework */,
				AFAB59D116D347BFB1A4DBC8 /* Social.framework */,
				CB4ACF7FF2854B799EBEAF1E /* MessageUI.framework */,
			);
			name = Frameworks;
			sourceTree = "<group>";
		};
		301BF52E109A57CC0062928A /* Products */ = {
			isa = PBXGroup;
			children = (
				301BF535109A57CC0062928A /* libCordova.a */,
			);
			name = Products;
			sourceTree = "<group>";
		};
		3047A50E1AB8057F00498E2A /* config */ = {
			isa = PBXGroup;
			children = (
				3047A50F1AB8059700498E2A /* build-debug.xcconfig */,
				3047A5101AB8059700498E2A /* build-release.xcconfig */,
				3047A5111AB8059700498E2A /* build.xcconfig */,
			);
			name = config;
			sourceTree = "<group>";
		};
		307C750510C5A3420062BCA9 /* Plugins */ = {
			isa = PBXGroup;
			children = (
				C7353367FA9C4427A124F3F0 /* AppDelegate+notification.m */,
				0B6414767290441ABDC311B0 /* PushPlugin.m */,
				0B42ADF470D4489FB3A553BD /* AppDelegate+notification.h */,
				D08AC2D5343042A4A5F64EC1 /* PushPlugin.h */,
				66346C9D84CB4E5286CFF53B /* GGLInstanceID.h */,
				39AE7EA8C932476DA2EC072F /* GGLInstanceIDConfig.h */,
				9244246C3B334FFEAE85C0B3 /* GGLInstanceIDDelegate.h */,
				D5C9074E407F415198213739 /* GGLInstanceIDHeaders.h */,
				AB6BFBF26AF3418D83FAFA41 /* CloudMessaging.h */,
				FDCDE1604F3B4FD4B4692CEF /* GGLContext+CloudMessaging.h */,
				07F74B2AEBD648C6A113C64A /* Core.h */,
				9C06E601DC484B92B0AB840C /* GGLConfiguration.h */,
				6F94C7D4D72A46D7BF81AF7C /* GGLContext.h */,
				86B77B94C48641108C7546BE /* GGLErrorCode.h */,
				3D94FA2E0AC042849A274AB3 /* GCMConfig.h */,
				B5D61943EB0E479EBA379223 /* GCMPubSub.h */,
				AD0AA2240BC745D6B8AD76F3 /* GCMReceiverDelegate.h */,
				12F15A2DC98E4B9AA5F00802 /* GCMService.h */,
				349FC9A1510141D0A8208F93 /* GoogleCloudMessaging.h */,
				DC6132796FE4485FADF4A8DB /* CDVDevice.m */,
				D79456BA4D7B4B668D507089 /* CDVDevice.h */,
				B18B450F28AF44CB9099D1ED /* CDVNotification.m */,
				A6D63460D69C41E28D833B52 /* CDVNotification.h */,
				0FC2E4ABC75746B99364AB59 /* CDVInAppBrowser.m */,
				3482DD0A3FBF4BFEB32597EA /* CDVInAppBrowser.h */,
				BA744FC604654A7CB1E73B7D /* CDVConnection.m */,
				90B4365FAC524FF291916044 /* CDVReachability.m */,
				A0EC91701DBC4CEF830AD45A /* CDVConnection.h */,
				5BF5B5741A564D0B87EC2869 /* CDVReachability.h */,
				1A0AE81215C94E398DFA79F0 /* CDVStatusBar.m */,
				2CCDC65C78304D4F9639F164 /* CDVStatusBar.h */,
				F9CDE499EF464F8287B5A769 /* CDVContacts.m */,
				E8EE5D6572B342299A3C07EA /* CDVContact.m */,
				B1639A39D48847DE8C614D24 /* CDVContacts.h */,
				E59EF32F076A40C6AD68312F /* CDVContact.h */,
				7769908A869840FDB483A444 /* NSString+SSURLEncoding.m */,
				886270711E9C49E59DEF266B /* SocialSharing.m */,
				F494214D2BCE4758996D41A1 /* NSString+SSURLEncoding.h */,
				6346311E4F854230871ADEA0 /* SocialSharing.h */,
			);
			name = Plugins;
			path = "Pozzoli/Plugins";
			sourceTree = SOURCE_ROOT;
		};
		EB87FDF11871DA420020F90C /* Staging */ = {
			isa = PBXGroup;
			children = (
				F840E1F0165FE0F500CFE078 /* config.xml */,
				301BF56E109A69640062928A /* www */,
			);
			name = Staging;
			sourceTree = "<group>";
		};
/* End PBXGroup section */

/* Begin PBXNativeTarget section */
		1D6058900D05DD3D006BFB54 /* Pozzoli */ = {
			isa = PBXNativeTarget;
			buildConfigurationList = 1D6058960D05DD3E006BFB54 /* Build configuration list for PBXNativeTarget "Pozzoli" */;
			buildPhases = (
				304B58A110DAC018002A0835 /* Copy www directory */,
				1D60588D0D05DD3D006BFB54 /* Resources */,
				1D60588E0D05DD3D006BFB54 /* Sources */,
				1D60588F0D05DD3D006BFB54 /* Frameworks */,
			);
			buildRules = (
			);
			dependencies = (
				301BF551109A68C00062928A /* PBXTargetDependency */,
			);
			name = "Pozzoli";
			productName = "Pozzoli";
			productReference = 1D6058910D05DD3D006BFB54 /* Pozzoli.app */;
			productType = "com.apple.product-type.application";
		};
/* End PBXNativeTarget section */

/* Begin PBXProject section */
		29B97313FDCFA39411CA2CEA /* Project object */ = {
			isa = PBXProject;
			attributes = {
				LastUpgradeCheck = 510;
			};
			buildConfigurationList = C01FCF4E08A954540054247B /* Build configuration list for PBXProject "__NON-CLI__" */;
			compatibilityVersion = "Xcode 3.2";
			developmentRegion = English;
			hasScannedForEncodings = 1;
			mainGroup = 29B97314FDCFA39411CA2CEA /* CustomTemplate */;
			projectDirPath = "";
			projectReferences = (
				{
					ProductGroup = 301BF52E109A57CC0062928A /* Products */;
					ProjectRef = 301BF52D109A57CC0062928A /* CordovaLib.xcodeproj */;
				},
			);
			projectRoot = "";
			targets = (
				1D6058900D05DD3D006BFB54 /* Pozzoli */,
			);
		};
/* End PBXProject section */

/* Begin PBXReferenceProxy section */
		301BF535109A57CC0062928A /* libCordova.a */ = {
			isa = PBXReferenceProxy;
			fileType = archive.ar;
			path = libCordova.a;
			remoteRef = 301BF534109A57CC0062928A /* PBXContainerItemProxy */;
			sourceTree = BUILT_PRODUCTS_DIR;
		};
/* End PBXReferenceProxy section */

/* Begin PBXResourcesBuildPhase section */
		1D60588D0D05DD3D006BFB54 /* Resources */ = {
			isa = PBXResourcesBuildPhase;
			buildActionMask = 2147483647;
			files = (
				302D95F214D2391D003F00A1 /* MainViewController.xib in Resources */,
				0207DA581B56EA530066E2B4 /* Images.xcassets in Resources */,
				6AFF5BF91D6E424B00AB3073 /* CDVLaunchScreen.storyboard in Resources */,
				0F61CAC231B14339849FE3FB /* CDVNotification.bundle in Resources */,
			);
			runOnlyForDeploymentPostprocessing = 0;
		};
/* End PBXResourcesBuildPhase section */

/* Begin PBXShellScriptBuildPhase section */
		304B58A110DAC018002A0835 /* Copy www directory */ = {
			isa = PBXShellScriptBuildPhase;
			buildActionMask = 2147483647;
			files = (
			);
			inputPaths = (
			);
			name = "Copy www directory";
			outputPaths = (
			);
			runOnlyForDeploymentPostprocessing = 0;
			shellPath = /bin/sh;
			shellScript = "NODEJS_PATH=/usr/local/bin; NVM_NODE_PATH=~/.nvm/versions/node/`nvm version 2>/dev/null`/bin; N_NODE_PATH=`find /usr/local/n/versions/node/* -maxdepth 0 -type d 2>/dev/null | tail -1`/bin; XCODE_NODE_PATH=`xcode-select --print-path`/usr/share/xcs/Node/bin; PATH=$NODEJS_PATH:$NVM_NODE_PATH:$N_NODE_PATH:$XCODE_NODE_PATH:$PATH && node cordova/lib/copy-www-build-step.js";
			showEnvVarsInLog = 0;
		};
/* End PBXShellScriptBuildPhase section */

/* Begin PBXSourcesBuildPhase section */
		1D60588E0D05DD3D006BFB54 /* Sources */ = {
			isa = PBXSourcesBuildPhase;
			buildActionMask = 2147483647;
			files = (
				1D60589B0D05DD56006BFB54 /* main.m in Sources */,
				1D3623260D0F684500981E51 /* AppDelegate.m in Sources */,
				302D95F114D2391D003F00A1 /* MainViewController.m in Sources */,
				656F6808F74042779E5C384C /* AppDelegate+notification.m in Sources */,
				8CAD4267A27F45FDA4A9AD22 /* PushPlugin.m in Sources */,
				F1C4D8A9329446AFBAC8FCF9 /* CDVDevice.m in Sources */,
				F7DB568203E04C2AB82073F8 /* CDVNotification.m in Sources */,
				C20C69EC74BC48019EF9EADA /* CDVInAppBrowser.m in Sources */,
				AE1D16DED37345A3B2503B75 /* CDVConnection.m in Sources */,
				E986350E637C4E93925F18E9 /* CDVReachability.m in Sources */,
				4421673C7BD449D8A187B54A /* CDVStatusBar.m in Sources */,
				C237619FC486486BA4E47310 /* CDVContacts.m in Sources */,
				C8275DA463D04760A929B62F /* CDVContact.m in Sources */,
				C5D37A785CAE40F493A213B1 /* NSString+SSURLEncoding.m in Sources */,
				F8115772348D421D8C40A194 /* SocialSharing.m in Sources */,
			);
			runOnlyForDeploymentPostprocessing = 0;
		};
/* End PBXSourcesBuildPhase section */

/* Begin PBXTargetDependency section */
		301BF551109A68C00062928A /* PBXTargetDependency */ = {
			isa = PBXTargetDependency;
			name = CordovaLib;
			targetProxy = 301BF550109A68C00062928A /* PBXContainerItemProxy */;
		};
/* End PBXTargetDependency section */

/* Begin XCBuildConfiguration section */
		1D6058940D05DD3E006BFB54 /* Debug */ = {
			isa = XCBuildConfiguration;
			baseConfigurationReference = 3047A50F1AB8059700498E2A /* build-debug.xcconfig */;
			buildSettings = {
				ALWAYS_SEARCH_USER_PATHS = NO;
				ASSETCATALOG_COMPILER_APPICON_NAME = AppIcon;
				ASSETCATALOG_COMPILER_LAUNCHIMAGE_NAME = LaunchImage;
				CLANG_ENABLE_MODULES = YES;
				CLANG_ENABLE_OBJC_ARC = YES;
				COPY_PHASE_STRIP = NO;
				GCC_DYNAMIC_NO_PIC = NO;
				GCC_OPTIMIZATION_LEVEL = 0;
				GCC_PRECOMPILE_PREFIX_HEADER = YES;
				GCC_PREFIX_HEADER = "Pozzoli/Pozzoli-Prefix.pch";
				GCC_THUMB_SUPPORT = NO;
				GCC_VERSION = "";
				INFOPLIST_FILE = "Pozzoli/Pozzoli-Info.plist";
				IPHONEOS_DEPLOYMENT_TARGET = 8.0;
				LD_RUNPATH_SEARCH_PATHS = "@executable_path/Frameworks";
				TARGETED_DEVICE_FAMILY = "1,2";
				PRODUCT_NAME = "Pozzoli";
				LIBRARY_SEARCH_PATHS = (
					"$(inherited)",
					"\"$(SRCROOT)/Pozzoli/Plugins/phonegap-plugin-push/GCM/Libraries\"",
					"\"$(SRCROOT)/Pozzoli/Plugins/phonegap-plugin-push/GCM/Libraries\"",
					"\"$(SRCROOT)/Pozzoli/Plugins/phonegap-plugin-push/GCM/Libraries\"",
					"\"$(SRCROOT)/Pozzoli/Plugins/phonegap-plugin-push/GCM/Libraries\"",
					"\"$(SRCROOT)/Pozzoli/Plugins/phonegap-plugin-push/GCM/Libraries\"",
					"\"$(SRCROOT)/Pozzoli/Plugins/phonegap-plugin-push/GCM/Libraries\"",
					"\"$(SRCROOT)/Pozzoli/Plugins/phonegap-plugin-push/GCM/Libraries\"",
					"\"$(SRCROOT)/Pozzoli/Plugins/phonegap-plugin-push/GCM/Libraries\"",
					"\"$(SRCROOT)/Pozzoli/Plugins/phonegap-plugin-push/GCM/Libraries\"",
					"\"$(SRCROOT)/Pozzoli/Plugins/phonegap-plugin-push/GCM/Libraries\"",
					"\"$(SRCROOT)/Pozzoli/Plugins/phonegap-plugin-push/GCM/Libraries\"",
					"\"$(SRCROOT)/Pozzoli/Plugins/phonegap-plugin-push/GCM/Libraries\"",
					"\"$(SRCROOT)/Pozzoli/Plugins/phonegap-plugin-push/GCM/Libraries\"",
					"\"$(SRCROOT)/Pozzoli/Plugins/phonegap-plugin-push/GCM/Libraries\"",
					"\"$(SRCROOT)/Pozzoli/Plugins/phonegap-plugin-push/GCM/Libraries\"",
					"\"$(SRCROOT)/Pozzoli/Plugins/phonegap-plugin-push/GCM/Libraries\"",
					"\"$(SRCROOT)/Pozzoli/Plugins/phonegap-plugin-push/GCM/Libraries\"",
					"\"$(SRCROOT)/Pozzoli/Plugins/phonegap-plugin-push/GCM/Libraries\"",
					"\"$(SRCROOT)/Pozzoli/Plugins/phonegap-plugin-push/GCM/Libraries\"",
					"\"$(SRCROOT)/Pozzoli/Plugins/phonegap-plugin-push/GCM/Libraries\"",
					"\"$(SRCROOT)/Pozzoli/Plugins/phonegap-plugin-push/GCM/Libraries\"",
					"\"$(SRCROOT)/Pozzoli/Plugins/phonegap-plugin-push/GCM/Libraries\"",
					"\"$(SRCROOT)/Pozzoli/Plugins/phonegap-plugin-push/GCM/Libraries\"",
					"\"$(SRCROOT)/Pozzoli/Plugins/phonegap-plugin-push/GCM/Libraries\"",
					"\"$(SRCROOT)/Pozzoli/Plugins/phonegap-plugin-push/GCM/Libraries\"",
					"\"$(SRCROOT)/Pozzoli/Plugins/phonegap-plugin-push/GCM/Libraries\"",
				);
			};
			name = Debug;
		};
		1D6058950D05DD3E006BFB54 /* Release */ = {
			isa = XCBuildConfiguration;
			baseConfigurationReference = 3047A5101AB8059700498E2A /* build-release.xcconfig */;
			buildSettings = {
				ALWAYS_SEARCH_USER_PATHS = NO;
				ASSETCATALOG_COMPILER_APPICON_NAME = AppIcon;
				ASSETCATALOG_COMPILER_LAUNCHIMAGE_NAME = LaunchImage;
				CLANG_ENABLE_MODULES = YES;
				CLANG_ENABLE_OBJC_ARC = YES;
				COPY_PHASE_STRIP = YES;
				GCC_PRECOMPILE_PREFIX_HEADER = YES;
				GCC_PREFIX_HEADER = "Pozzoli/Pozzoli-Prefix.pch";
				GCC_THUMB_SUPPORT = NO;
				GCC_VERSION = "";
				INFOPLIST_FILE = "Pozzoli/Pozzoli-Info.plist";
				IPHONEOS_DEPLOYMENT_TARGET = 8.0;
				LD_RUNPATH_SEARCH_PATHS = "@executable_path/Frameworks";
				TARGETED_DEVICE_FAMILY = "1,2";
				PRODUCT_NAME = "Pozzoli";
				LIBRARY_SEARCH_PATHS = (
					"$(inherited)",
					"\"$(SRCROOT)/Pozzoli/Plugins/phonegap-plugin-push/GCM/Libraries\"",
					"\"$(SRCROOT)/Pozzoli/Plugins/phonegap-plugin-push/GCM/Libraries\"",
					"\"$(SRCROOT)/Pozzoli/Plugins/phonegap-plugin-push/GCM/Libraries\"",
					"\"$(SRCROOT)/Pozzoli/Plugins/phonegap-plugin-push/GCM/Libraries\"",
					"\"$(SRCROOT)/Pozzoli/Plugins/phonegap-plugin-push/GCM/Libraries\"",
					"\"$(SRCROOT)/Pozzoli/Plugins/phonegap-plugin-push/GCM/Libraries\"",
					"\"$(SRCROOT)/Pozzoli/Plugins/phonegap-plugin-push/GCM/Libraries\"",
					"\"$(SRCROOT)/Pozzoli/Plugins/phonegap-plugin-push/GCM/Libraries\"",
					"\"$(SRCROOT)/Pozzoli/Plugins/phonegap-plugin-push/GCM/Libraries\"",
					"\"$(SRCROOT)/Pozzoli/Plugins/phonegap-plugin-push/GCM/Libraries\"",
					"\"$(SRCROOT)/Pozzoli/Plugins/phonegap-plugin-push/GCM/Libraries\"",
					"\"$(SRCROOT)/Pozzoli/Plugins/phonegap-plugin-push/GCM/Libraries\"",
					"\"$(SRCROOT)/Pozzoli/Plugins/phonegap-plugin-push/GCM/Libraries\"",
					"\"$(SRCROOT)/Pozzoli/Plugins/phonegap-plugin-push/GCM/Libraries\"",
					"\"$(SRCROOT)/Pozzoli/Plugins/phonegap-plugin-push/GCM/Libraries\"",
					"\"$(SRCROOT)/Pozzoli/Plugins/phonegap-plugin-push/GCM/Libraries\"",
					"\"$(SRCROOT)/Pozzoli/Plugins/phonegap-plugin-push/GCM/Libraries\"",
					"\"$(SRCROOT)/Pozzoli/Plugins/phonegap-plugin-push/GCM/Libraries\"",
					"\"$(SRCROOT)/Pozzoli/Plugins/phonegap-plugin-push/GCM/Libraries\"",
					"\"$(SRCROOT)/Pozzoli/Plugins/phonegap-plugin-push/GCM/Libraries\"",
					"\"$(SRCROOT)/Pozzoli/Plugins/phonegap-plugin-push/GCM/Libraries\"",
					"\"$(SRCROOT)/Pozzoli/Plugins/phonegap-plugin-push/GCM/Libraries\"",
					"\"$(SRCROOT)/Pozzoli/Plugins/phonegap-plugin-push/GCM/Libraries\"",
					"\"$(SRCROOT)/Pozzoli/Plugins/phonegap-plugin-push/GCM/Libraries\"",
					"\"$(SRCROOT)/Pozzoli/Plugins/phonegap-plugin-push/GCM/Libraries\"",
					"\"$(SRCROOT)/Pozzoli/Plugins/phonegap-plugin-push/GCM/Libraries\"",
				);
			};
			name = Release;
		};
		C01FCF4F08A954540054247B /* Debug */ = {
			isa = XCBuildConfiguration;
			baseConfigurationReference = 3047A5111AB8059700498E2A /* build.xcconfig */;
			buildSettings = {
				CLANG_ENABLE_MODULES = YES;
				CLANG_ENABLE_OBJC_ARC = YES;
				CLANG_WARN_BOOL_CONVERSION = YES;
				CLANG_WARN_CONSTANT_CONVERSION = YES;
				CLANG_WARN_EMPTY_BODY = YES;
				CLANG_WARN_ENUM_CONVERSION = YES;
				CLANG_WARN_INT_CONVERSION = YES;
				CLANG_WARN__DUPLICATE_METHOD_MATCH = YES;
				GCC_C_LANGUAGE_STANDARD = c99;
				GCC_THUMB_SUPPORT = NO;
				GCC_VERSION = "";
				GCC_WARN_ABOUT_RETURN_TYPE = YES;
				GCC_WARN_UNDECLARED_SELECTOR = YES;
				GCC_WARN_UNINITIALIZED_AUTOS = YES;
				GCC_WARN_UNUSED_FUNCTION = YES;
				GCC_WARN_UNUSED_VARIABLE = YES;
				ONLY_ACTIVE_ARCH = YES;
				SDKROOT = iphoneos;
				SKIP_INSTALL = NO;
				TARGETED_DEVICE_FAMILY = "1,2";
				ASSETCATALOG_COMPILER_LAUNCHIMAGE_NAME = LaunchImage;
			};
			name = Debug;
		};
		C01FCF5008A954540054247B /* Release */ = {
			isa = XCBuildConfiguration;
			baseConfigurationReference = 3047A5111AB8059700498E2A /* build.xcconfig */;
			buildSettings = {
				CLANG_ENABLE_MODULES = YES;
				CLANG_ENABLE_OBJC_ARC = YES;
				CLANG_WARN_BOOL_CONVERSION = YES;
				CLANG_WARN_CONSTANT_CONVERSION = YES;
				CLANG_WARN_EMPTY_BODY = YES;
				CLANG_WARN_ENUM_CONVERSION = YES;
				CLANG_WARN_INT_CONVERSION = YES;
				CLANG_WARN__DUPLICATE_METHOD_MATCH = YES;
				GCC_C_LANGUAGE_STANDARD = c99;
				GCC_THUMB_SUPPORT = NO;
				GCC_VERSION = "";
				GCC_WARN_ABOUT_RETURN_TYPE = YES;
				GCC_WARN_UNDECLARED_SELECTOR = YES;
				GCC_WARN_UNINITIALIZED_AUTOS = YES;
				GCC_WARN_UNUSED_FUNCTION = YES;
				GCC_WARN_UNUSED_VARIABLE = YES;
				SDKROOT = iphoneos;
				SKIP_INSTALL = NO;
				TARGETED_DEVICE_FAMILY = "1,2";
				ASSETCATALOG_COMPILER_LAUNCHIMAGE_NAME = LaunchImage;
			};
			name = Release;
		};
/* End XCBuildConfiguration section */

/* Begin XCConfigurationList section */
		1D6058960D05DD3E006BFB54 /* Build configuration list for PBXNativeTarget "Pozzoli" */ = {
			isa = XCConfigurationList;
			buildConfigurations = (
				1D6058940D05DD3E006BFB54 /* Debug */,
				1D6058950D05DD3E006BFB54 /* Release */,
			);
			defaultConfigurationIsVisible = 0;
			defaultConfigurationName = Release;
		};
		C01FCF4E08A954540054247B /* Build configuration list for PBXProject "__NON-CLI__" */ = {
			isa = XCConfigurationList;
			buildConfigurations = (
				C01FCF4F08A954540054247B /* Debug */,
				C01FCF5008A954540054247B /* Release */,
			);
			defaultConfigurationIsVisible = 0;
			defaultConfigurationName = Release;
		};
/* End XCConfigurationList section */
	};
	rootObject = 29B97313FDCFA39411CA2CEA /* Project object */;
}
